<?xml version="1.0" encoding="utf-8"?>
<Project ToolsVersion="4.0" xmlns="http://schemas.microsoft.com/developer/msbuild/2003">
  <ItemGroup>
    <ClCompile Include="LibLsp\JsonRpc\StreamMessageProducer.cpp">
      <Filter>JsonRpc</Filter>
    </ClCompile>
    <ClCompile Include="LibLsp\JsonRpc\MessageJsonHandler.cpp">
      <Filter>JsonRpc</Filter>
    </ClCompile>
    <ClCompile Include="LibLsp\JsonRpc\Endpoint.cpp">
      <Filter>JsonRpc</Filter>
    </ClCompile>
    <ClCompile Include="LibLsp\JsonRpc\message.cpp">
      <Filter>JsonRpc</Filter>
    </ClCompile>
    <ClCompile Include="LibLsp\JsonRpc\RemoteEndPoint.cpp">
      <Filter>JsonRpc</Filter>
    </ClCompile>
    <ClCompile Include="LibLsp\lsp\ProtocolJsonHandler.cpp">
      <Filter>lsp</Filter>
    </ClCompile>
    <ClCompile Include="LibLsp\lsp\general\initialize.cpp">
      <Filter>lsp\general</Filter>
    </ClCompile>
    <ClCompile Include="LibLsp\lsp\textDocument\textDocument.cpp">
      <Filter>lsp\textDocument</Filter>
    </ClCompile>
    <ClCompile Include="network\uri\detail\uri_advance_parts.cpp">
      <Filter>network\uri\detail</Filter>
    </ClCompile>
    <ClCompile Include="network\uri\detail\uri_normalize.cpp">
      <Filter>network\uri\detail</Filter>
    </ClCompile>
    <ClCompile Include="network\uri\detail\uri_parse.cpp">
      <Filter>network\uri\detail</Filter>
    </ClCompile>
    <ClCompile Include="network\uri\detail\uri_parse_authority.cpp">
      <Filter>network\uri\detail</Filter>
    </ClCompile>
    <ClCompile Include="network\uri\detail\uri_resolve.cpp">
      <Filter>network\uri\detail</Filter>
    </ClCompile>
    <ClCompile Include="network\uri\uri.cpp">
      <Filter>network\uri</Filter>
    </ClCompile>
    <ClCompile Include="network\uri\uri_builder.cpp">
      <Filter>network\uri</Filter>
    </ClCompile>
    <ClCompile Include="network\uri\uri_errors.cpp">
      <Filter>network\uri</Filter>
    </ClCompile>
    <ClCompile Include="LibLsp\JsonRpc\TcpServer.cpp">
      <Filter>JsonRpc</Filter>
    </ClCompile>
    <ClCompile Include="LibLsp\JsonRpc\WebSocketServer.cpp">
      <Filter>JsonRpc</Filter>
    </ClCompile>
    <ClCompile Include="example\StdIOClientExample.cpp">
      <Filter>example</Filter>
    </ClCompile>
    <ClCompile Include="example\StdIOServerExample.cpp">
      <Filter>example</Filter>
    </ClCompile>
    <ClCompile Include="example\TcpServerExample.cpp">
      <Filter>example</Filter>
    </ClCompile>
    <ClCompile Include="example\WebsocketExample.cpp">
      <Filter>example</Filter>
    </ClCompile>
    <ClCompile Include="LibLsp\lsp\extention\sct\sct.cpp">
      <Filter>lsp\extention\sct</Filter>
    </ClCompile>
    <ClCompile Include="LibLsp\JsonRpc\serializer.cpp">
      <Filter>JsonRpc</Filter>
    </ClCompile>
    <ClCompile Include="LibLsp\JsonRpc\threaded_queue.cpp">
      <Filter>JsonRpc</Filter>
    </ClCompile>
    <ClCompile Include="LibLsp\lsp\lsp.cpp">
      <Filter>lsp</Filter>
    </ClCompile>
    <ClCompile Include="LibLsp\lsp\lsp_diagnostic.cpp">
      <Filter>lsp</Filter>
    </ClCompile>
    <ClCompile Include="LibLsp\lsp\utils.cpp">
      <Filter>lsp</Filter>
    </ClCompile>
    <ClCompile Include="LibLsp\lsp\working_files.cpp">
      <Filter>lsp</Filter>
    </ClCompile>
    <ClCompile Include="LibLsp\lsp\ParentProcessWatcher.cpp">
      <Filter>lsp</Filter>
    </ClCompile>
    <ClCompile Include="LibLsp\JsonRpc\Context.cpp">
      <Filter>JsonRpc</Filter>
    </ClCompile>
    <ClCompile Include="LibLsp\lsp\Markup\Markup.cpp">
      <Filter>lsp\markdown</Filter>
    </ClCompile>
    <ClCompile Include="LibLsp\JsonRpc\GCThreadContext.cpp">
      <Filter>JsonRpc</Filter>
    </ClCompile>
  </ItemGroup>
  <ItemGroup>
    <ClInclude Include="LibLsp\JsonRpc\MessageIssue.h">
      <Filter>JsonRpc</Filter>
    </ClInclude>
    <ClInclude Include="LibLsp\JsonRpc\MessageProducer.h">
      <Filter>JsonRpc</Filter>
    </ClInclude>
    <ClInclude Include="LibLsp\JsonRpc\StreamMessageProducer.h">
      <Filter>JsonRpc</Filter>
    </ClInclude>
    <ClInclude Include="LibLsp\JsonRpc\MessageJsonHandler.h">
      <Filter>JsonRpc</Filter>
    </ClInclude>
    <ClInclude Include="LibLsp\JsonRpc\Endpoint.h">
      <Filter>JsonRpc</Filter>
    </ClInclude>
    <ClInclude Include="LibLsp\JsonRpc\serializer.h">
      <Filter>JsonRpc</Filter>
    </ClInclude>
    <ClInclude Include="LibLsp\JsonRpc\RemoteEndPoint.h">
      <Filter>JsonRpc</Filter>
    </ClInclude>
    <ClInclude Include="LibLsp\JsonRpc\Cancellation.h">
      <Filter>JsonRpc</Filter>
    </ClInclude>
    <ClInclude Include="LibLsp\JsonRpc\message.h">
      <Filter>JsonRpc</Filter>
    </ClInclude>
    <ClInclude Include="LibLsp\lsp\location_type.h">
      <Filter>lsp</Filter>
    </ClInclude>
    <ClInclude Include="LibLsp\lsp\lru_cache.h">
      <Filter>lsp</Filter>
    </ClInclude>
    <ClInclude Include="LibLsp\lsp\lsCommand.h">
      <Filter>lsp</Filter>
    </ClInclude>
    <ClInclude Include="LibLsp\lsp\lsDocumentUri.h">
      <Filter>lsp</Filter>
    </ClInclude>
    <ClInclude Include="LibLsp\lsp\lsFormattingOptions.h">
      <Filter>lsp</Filter>
    </ClInclude>
    <ClInclude Include="LibLsp\lsp\lsMarkedString.h">
      <Filter>lsp</Filter>
    </ClInclude>
    <ClInclude Include="LibLsp\lsp\lsp_code_action.h">
      <Filter>lsp</Filter>
    </ClInclude>
    <ClInclude Include="LibLsp\lsp\lsp_completion.h">
      <Filter>lsp</Filter>
    </ClInclude>
    <ClInclude Include="LibLsp\lsp\lsp_diagnostic.h">
      <Filter>lsp</Filter>
    </ClInclude>
    <ClInclude Include="LibLsp\lsp\lsPosition.h">
      <Filter>lsp</Filter>
    </ClInclude>
    <ClInclude Include="LibLsp\lsp\lsRange.h">
      <Filter>lsp</Filter>
    </ClInclude>
    <ClInclude Include="LibLsp\lsp\lsResponseError.h">
      <Filter>lsp</Filter>
    </ClInclude>
    <ClInclude Include="LibLsp\lsp\lsTextDocumentEdit.h">
      <Filter>lsp</Filter>
    </ClInclude>
    <ClInclude Include="LibLsp\lsp\lsTextDocumentIdentifier.h">
      <Filter>lsp</Filter>
    </ClInclude>
    <ClInclude Include="LibLsp\lsp\lsTextDocumentItem.h">
      <Filter>lsp</Filter>
    </ClInclude>
    <ClInclude Include="LibLsp\lsp\lsTextDocumentPositionParams.h">
      <Filter>lsp</Filter>
    </ClInclude>
    <ClInclude Include="LibLsp\lsp\lsTextEdit.h">
      <Filter>lsp</Filter>
    </ClInclude>
    <ClInclude Include="LibLsp\lsp\lsVersionedTextDocumentIdentifier.h">
      <Filter>lsp</Filter>
    </ClInclude>
    <ClInclude Include="LibLsp\lsp\lsWorkspaceEdit.h">
      <Filter>lsp</Filter>
    </ClInclude>
    <ClInclude Include="LibLsp\lsp\method_type.h">
      <Filter>lsp</Filter>
    </ClInclude>
    <ClInclude Include="LibLsp\lsp\out_list.h">
      <Filter>lsp</Filter>
    </ClInclude>
    <ClInclude Include="LibLsp\lsp\ProtocolJsonHandler.h">
      <Filter>lsp</Filter>
    </ClInclude>
    <ClInclude Include="LibLsp\lsp\symbol.h">
      <Filter>lsp</Filter>
    </ClInclude>
    <ClInclude Include="LibLsp\lsp\general\exit.h">
      <Filter>lsp\general</Filter>
    </ClInclude>
    <ClInclude Include="LibLsp\lsp\general\initialize.h">
      <Filter>lsp\general</Filter>
    </ClInclude>
    <ClInclude Include="LibLsp\lsp\general\initialized.h">
      <Filter>lsp\general</Filter>
    </ClInclude>
    <ClInclude Include="LibLsp\lsp\textDocument\callHierarchy.h">
      <Filter>lsp\textDocument</Filter>
    </ClInclude>
    <ClInclude Include="LibLsp\lsp\textDocument\code_action.h">
      <Filter>lsp\textDocument</Filter>
    </ClInclude>
    <ClInclude Include="LibLsp\lsp\textDocument\code_lens.h">
      <Filter>lsp\textDocument</Filter>
    </ClInclude>
    <ClInclude Include="LibLsp\lsp\textDocument\completion.h">
      <Filter>lsp\textDocument</Filter>
    </ClInclude>
    <ClInclude Include="LibLsp\lsp\textDocument\did_change.h">
      <Filter>lsp\textDocument</Filter>
    </ClInclude>
    <ClInclude Include="LibLsp\lsp\textDocument\did_close.h">
      <Filter>lsp\textDocument</Filter>
    </ClInclude>
    <ClInclude Include="LibLsp\lsp\textDocument\did_open.h">
      <Filter>lsp\textDocument</Filter>
    </ClInclude>
    <ClInclude Include="LibLsp\lsp\textDocument\did_save.h">
      <Filter>lsp\textDocument</Filter>
    </ClInclude>
    <ClInclude Include="LibLsp\lsp\textDocument\document_link.h">
      <Filter>lsp\textDocument</Filter>
    </ClInclude>
    <ClInclude Include="LibLsp\lsp\textDocument\document_symbol.h">
      <Filter>lsp\textDocument</Filter>
    </ClInclude>
    <ClInclude Include="LibLsp\lsp\textDocument\formatting.h">
      <Filter>lsp\textDocument</Filter>
    </ClInclude>
    <ClInclude Include="LibLsp\lsp\textDocument\highlight.h">
      <Filter>lsp\textDocument</Filter>
    </ClInclude>
    <ClInclude Include="LibLsp\lsp\textDocument\hover.h">
      <Filter>lsp\textDocument</Filter>
    </ClInclude>
    <ClInclude Include="LibLsp\lsp\textDocument\implementation.h">
      <Filter>lsp\textDocument</Filter>
    </ClInclude>
    <ClInclude Include="LibLsp\lsp\textDocument\range_formatting.h">
      <Filter>lsp\textDocument</Filter>
    </ClInclude>
    <ClInclude Include="LibLsp\lsp\textDocument\references.h">
      <Filter>lsp\textDocument</Filter>
    </ClInclude>
    <ClInclude Include="LibLsp\lsp\textDocument\rename.h">
      <Filter>lsp\textDocument</Filter>
    </ClInclude>
    <ClInclude Include="LibLsp\lsp\textDocument\signature_help.h">
      <Filter>lsp\textDocument</Filter>
    </ClInclude>
    <ClInclude Include="LibLsp\lsp\textDocument\type_definition.h">
      <Filter>lsp\textDocument</Filter>
    </ClInclude>
    <ClInclude Include="LibLsp\lsp\textDocument\typeHierarchy.h">
      <Filter>lsp\textDocument</Filter>
    </ClInclude>
    <ClInclude Include="LibLsp\lsp\workspace\did_change_configuration.h">
      <Filter>lsp\workspace</Filter>
    </ClInclude>
    <ClInclude Include="LibLsp\lsp\workspace\did_change_watched_files.h">
      <Filter>lsp\workspace</Filter>
    </ClInclude>
    <ClInclude Include="LibLsp\lsp\workspace\execute_command.h">
      <Filter>lsp\workspace</Filter>
    </ClInclude>
    <ClInclude Include="LibLsp\lsp\workspace\symbol.h">
      <Filter>lsp\workspace</Filter>
    </ClInclude>
    <ClInclude Include="LibLsp\lsp\ResourceOperation.h">
      <Filter>lsp</Filter>
    </ClInclude>
    <ClInclude Include="LibLsp\lsp\lsCodeAction.h">
      <Filter>lsp</Filter>
    </ClInclude>
    <ClInclude Include="LibLsp\lsp\workspace\workspaceFolders.h">
      <Filter>lsp\workspace</Filter>
    </ClInclude>
    <ClInclude Include="LibLsp\lsp\workspace\applyEdit.h">
      <Filter>lsp\workspace</Filter>
    </ClInclude>
    <ClInclude Include="LibLsp\lsp\workspace\configuration.h">
      <Filter>lsp\workspace</Filter>
    </ClInclude>
    <ClInclude Include="LibLsp\lsp\textDocument\semanticHighlighting.h">
      <Filter>lsp\textDocument</Filter>
    </ClInclude>
    <ClInclude Include="LibLsp\lsp\textDocument\publishDiagnostics.h">
      <Filter>lsp\textDocument</Filter>
    </ClInclude>
    <ClInclude Include="LibLsp\lsp\workspace\didChangeWorkspaceFolders.h">
      <Filter>lsp\workspace</Filter>
    </ClInclude>
    <ClInclude Include="LibLsp\lsp\textDocument\resolveCompletionItem.h">
      <Filter>lsp\textDocument</Filter>
    </ClInclude>
    <ClInclude Include="LibLsp\lsp\textDocument\declaration_definition.h">
      <Filter>lsp\textDocument</Filter>
    </ClInclude>
    <ClInclude Include="LibLsp\lsp\lsAny.h">
      <Filter>lsp</Filter>
    </ClInclude>
    <ClInclude Include="LibLsp\lsp\CodeActionParams.h">
      <Filter>lsp</Filter>
    </ClInclude>
    <ClInclude Include="LibLsp\lsp\general\InitializeParams.h">
      <Filter>lsp\general</Filter>
    </ClInclude>
    <ClInclude Include="LibLsp\lsp\general\lsServerCapabilities.h">
      <Filter>lsp\general</Filter>
    </ClInclude>
    <ClInclude Include="LibLsp\lsp\general\lsClientCapabilities.h">
      <Filter>lsp\general</Filter>
    </ClInclude>
    <ClInclude Include="LibLsp\lsp\general\lsWorkspaceClientCapabilites.h">
      <Filter>lsp\general</Filter>
    </ClInclude>
    <ClInclude Include="LibLsp\lsp\general\lsTextDocumentClientCapabilities.h">
      <Filter>lsp\general</Filter>
    </ClInclude>
    <ClInclude Include="LibLsp\lsp\ExecuteCommandParams.h">
      <Filter>lsp</Filter>
    </ClInclude>
    <ClInclude Include="LibLsp\lsp\textDocument\resolveCodeLens.h">
      <Filter>lsp\textDocument</Filter>
    </ClInclude>
    <ClInclude Include="LibLsp\lsp\textDocument\onTypeFormatting.h">
      <Filter>lsp\textDocument</Filter>
    </ClInclude>
    <ClInclude Include="LibLsp\lsp\textDocument\willSave.h">
      <Filter>lsp\textDocument</Filter>
    </ClInclude>
    <ClInclude Include="LibLsp\lsp\textDocument\documentColor.h">
      <Filter>lsp\textDocument</Filter>
    </ClInclude>
    <ClInclude Include="LibLsp\lsp\textDocument\colorPresentation.h">
      <Filter>lsp\textDocument</Filter>
    </ClInclude>
    <ClInclude Include="LibLsp\lsp\textDocument\foldingRange.h">
      <Filter>lsp\textDocument</Filter>
    </ClInclude>
    <ClInclude Include="LibLsp\lsp\textDocument\prepareRename.h">
      <Filter>lsp\textDocument</Filter>
    </ClInclude>
    <ClInclude Include="LibLsp\lsp\textDocument\resolveTypeHierarchy.h">
      <Filter>lsp\textDocument</Filter>
    </ClInclude>
    <ClInclude Include="LibLsp\lsp\textDocument\selectionRange.h">
      <Filter>lsp\textDocument</Filter>
    </ClInclude>
    <ClInclude Include="LibLsp\JsonRpc\threaded_queue.h">
      <Filter>JsonRpc</Filter>
    </ClInclude>
    <ClInclude Include="LibLsp\JsonRpc\Condition.h">
      <Filter>JsonRpc</Filter>
    </ClInclude>
    <ClInclude Include="LibLsp\JsonRpc\lsRequestId.h">
      <Filter>JsonRpc</Filter>
    </ClInclude>
    <ClInclude Include="LibLsp\JsonRpc\RequestInMessage.h">
      <Filter>JsonRpc</Filter>
    </ClInclude>
    <ClInclude Include="LibLsp\JsonRpc\NotificationInMessage.h">
      <Filter>JsonRpc</Filter>
    </ClInclude>
    <ClInclude Include="LibLsp\JsonRpc\lsResponseMessage.h">
      <Filter>JsonRpc</Filter>
    </ClInclude>
    <ClInclude Include="LibLsp\lsp\windows\MessageNotify.h">
      <Filter>lsp\windows</Filter>
    </ClInclude>
    <ClInclude Include="LibLsp\lsp\AbsolutePath.h">
      <Filter>lsp</Filter>
    </ClInclude>
    <ClInclude Include="LibLsp\JsonRpc\json.h">
      <Filter>JsonRpc</Filter>
    </ClInclude>
    <ClInclude Include="LibLsp\lsp\general\shutdown.h">
      <Filter>lsp\general</Filter>
    </ClInclude>
    <ClInclude Include="network\optional.hpp">
      <Filter>network</Filter>
    </ClInclude>
    <ClInclude Include="network\string_view.hpp">
      <Filter>network</Filter>
    </ClInclude>
    <ClInclude Include="network\uri.hpp">
      <Filter>network</Filter>
    </ClInclude>
    <ClInclude Include="network\uri\detail\algorithm.hpp">
      <Filter>network\uri\detail</Filter>
    </ClInclude>
    <ClInclude Include="network\uri\detail\decode.hpp">
      <Filter>network\uri\detail</Filter>
    </ClInclude>
    <ClInclude Include="network\uri\detail\encode.hpp">
      <Filter>network\uri\detail</Filter>
    </ClInclude>
    <ClInclude Include="network\uri\detail\grammar.hpp">
      <Filter>network\uri\detail</Filter>
    </ClInclude>
    <ClInclude Include="network\uri\detail\translate.hpp">
      <Filter>network\uri\detail</Filter>
    </ClInclude>
    <ClInclude Include="network\uri\detail\uri_advance_parts.hpp">
      <Filter>network\uri\detail</Filter>
    </ClInclude>
    <ClInclude Include="network\uri\detail\uri_normalize.hpp">
      <Filter>network\uri\detail</Filter>
    </ClInclude>
    <ClInclude Include="network\uri\detail\uri_parse.hpp">
      <Filter>network\uri\detail</Filter>
    </ClInclude>
    <ClInclude Include="network\uri\detail\uri_parse_authority.hpp">
      <Filter>network\uri\detail</Filter>
    </ClInclude>
    <ClInclude Include="network\uri\detail\uri_parts.hpp">
      <Filter>network\uri\detail</Filter>
    </ClInclude>
    <ClInclude Include="network\uri\detail\uri_percent_encode.hpp">
      <Filter>network\uri\detail</Filter>
    </ClInclude>
    <ClInclude Include="network\uri\detail\uri_resolve.hpp">
      <Filter>network\uri\detail</Filter>
    </ClInclude>
    <ClInclude Include="network\uri\config.hpp">
      <Filter>network\uri</Filter>
    </ClInclude>
    <ClInclude Include="network\uri\uri.hpp">
      <Filter>network\uri</Filter>
    </ClInclude>
    <ClInclude Include="network\uri\uri_builder.hpp">
      <Filter>network\uri</Filter>
    </ClInclude>
    <ClInclude Include="network\uri\uri_errors.hpp">
      <Filter>network\uri</Filter>
    </ClInclude>
    <ClInclude Include="network\uri\uri_io.hpp">
      <Filter>network\uri</Filter>
    </ClInclude>
    <ClInclude Include="LibLsp\lsp\language\language.h">
      <Filter>lsp\language</Filter>
    </ClInclude>
    <ClInclude Include="LibLsp\lsp\client\registerCapability.h">
      <Filter>lsp\client</Filter>
    </ClInclude>
    <ClInclude Include="LibLsp\lsp\client\unregisterCapability.h">
      <Filter>lsp\client</Filter>
    </ClInclude>
    <ClInclude Include="LibLsp\JsonRpc\TcpServer.h">
      <Filter>JsonRpc</Filter>
    </ClInclude>
    <ClInclude Include="LibLsp\lsp\textDocument\didRenameFiles.h">
      <Filter>lsp\textDocument</Filter>
    </ClInclude>
    <ClInclude Include="LibLsp\JsonRpc\stream.h">
      <Filter>JsonRpc</Filter>
    </ClInclude>
    <ClInclude Include="LibLsp\JsonRpc\WebSocketServer.h">
      <Filter>JsonRpc</Filter>
    </ClInclude>
    <ClInclude Include="LibLsp\lsp\extention\jdtls\addOverridableMethods.h">
      <Filter>lsp\extention\jdtls</Filter>
    </ClInclude>
    <ClInclude Include="LibLsp\lsp\extention\jdtls\buildWorkspace.h">
      <Filter>lsp\extention\jdtls</Filter>
    </ClInclude>
    <ClInclude Include="LibLsp\lsp\extention\jdtls\checkConstructorsStatus.h">
      <Filter>lsp\extention\jdtls</Filter>
    </ClInclude>
    <ClInclude Include="LibLsp\lsp\extention\jdtls\checkDelegateMethodsStatus.h">
      <Filter>lsp\extention\jdtls</Filter>
    </ClInclude>
    <ClInclude Include="LibLsp\lsp\extention\jdtls\checkHashCodeEqualsStatus.h">
      <Filter>lsp\extention\jdtls</Filter>
    </ClInclude>
    <ClInclude Include="LibLsp\lsp\extention\jdtls\checkToStringStatus.h">
      <Filter>lsp\extention\jdtls</Filter>
    </ClInclude>
    <ClInclude Include="LibLsp\lsp\extention\jdtls\classFileContents.h">
      <Filter>lsp\extention\jdtls</Filter>
    </ClInclude>
    <ClInclude Include="LibLsp\lsp\extention\jdtls\codeActionResult.h">
      <Filter>lsp\extention\jdtls</Filter>
    </ClInclude>
    <ClInclude Include="LibLsp\lsp\extention\jdtls\executeCommand.h">
      <Filter>lsp\extention\jdtls</Filter>
    </ClInclude>
    <ClInclude Include="LibLsp\lsp\extention\jdtls\findLinks.h">
      <Filter>lsp\extention\jdtls</Filter>
    </ClInclude>
    <ClInclude Include="LibLsp\lsp\extention\jdtls\generateAccessors.h">
      <Filter>lsp\extention\jdtls</Filter>
    </ClInclude>
    <ClInclude Include="LibLsp\lsp\extention\jdtls\generateConstructors.h">
      <Filter>lsp\extention\jdtls</Filter>
    </ClInclude>
    <ClInclude Include="LibLsp\lsp\extention\jdtls\generateDelegateMethods.h">
      <Filter>lsp\extention\jdtls</Filter>
    </ClInclude>
    <ClInclude Include="LibLsp\lsp\extention\jdtls\generateHashCodeEquals.h">
      <Filter>lsp\extention\jdtls</Filter>
    </ClInclude>
    <ClInclude Include="LibLsp\lsp\extention\jdtls\generateToString.h">
      <Filter>lsp\extention\jdtls</Filter>
    </ClInclude>
    <ClInclude Include="LibLsp\lsp\extention\jdtls\getMoveDestinations.h">
      <Filter>lsp\extention\jdtls</Filter>
    </ClInclude>
    <ClInclude Include="LibLsp\lsp\extention\jdtls\getRefactorEdit.h">
      <Filter>lsp\extention\jdtls</Filter>
    </ClInclude>
    <ClInclude Include="LibLsp\lsp\extention\jdtls\listOverridableMethods.h">
      <Filter>lsp\extention\jdtls</Filter>
    </ClInclude>
    <ClInclude Include="LibLsp\lsp\extention\jdtls\Move.h">
      <Filter>lsp\extention\jdtls</Filter>
    </ClInclude>
    <ClInclude Include="LibLsp\lsp\extention\jdtls\organizeImports.h">
      <Filter>lsp\extention\jdtls</Filter>
    </ClInclude>
    <ClInclude Include="LibLsp\lsp\extention\jdtls\OverridableMethod.h">
      <Filter>lsp\extention\jdtls</Filter>
    </ClInclude>
    <ClInclude Include="LibLsp\lsp\extention\jdtls\projectConfigurationUpdate.h">
      <Filter>lsp\extention\jdtls</Filter>
    </ClInclude>
    <ClInclude Include="LibLsp\lsp\extention\jdtls\resolveUnimplementedAccessors.h">
      <Filter>lsp\extention\jdtls</Filter>
    </ClInclude>
    <ClInclude Include="LibLsp\lsp\extention\jdtls\searchSymbols.h">
      <Filter>lsp\extention\jdtls</Filter>
    </ClInclude>
    <ClInclude Include="LibLsp\lsp\extention\jdtls\WorkspaceSymbolParams.h">
      <Filter>lsp\extention\jdtls</Filter>
    </ClInclude>
    <ClInclude Include="LibLsp\lsp\extention\sct\sct.h">
      <Filter>lsp\extention\sct</Filter>
    </ClInclude>
    <ClInclude Include="LibLsp\lsp\extention\sct\SCTConfig.h">
      <Filter>lsp\extention\sct</Filter>
    </ClInclude>
    <ClInclude Include="LibLsp\lsp\extention\sct\protocol.h">
      <Filter>lsp\extention\sct</Filter>
    </ClInclude>
    <ClInclude Include="LibLsp\lsp\extention\sonarlint\protocol.h">
      <Filter>lsp\extention\sonarlint</Filter>
    </ClInclude>
    <ClInclude Include="LibLsp\lsp\utils.h">
      <Filter>lsp</Filter>
    </ClInclude>
    <ClInclude Include="LibLsp\lsp\working_files.h">
      <Filter>lsp</Filter>
    </ClInclude>
    <ClInclude Include="LibLsp\lsp\Directory.h">
      <Filter>lsp</Filter>
    </ClInclude>
    <ClInclude Include="LibLsp\lsp\SimpleTimer.h">
      <Filter>lsp</Filter>
    </ClInclude>
    <ClInclude Include="LibLsp\lsp\general\progress.h">
      <Filter>lsp\general</Filter>
    </ClInclude>
    <ClInclude Include="LibLsp\lsp\ParentProcessWatcher.h">
      <Filter>lsp</Filter>
    </ClInclude>
    <ClInclude Include="LibLsp\lsp\ProcessIoService.h">
      <Filter>lsp</Filter>
    </ClInclude>
    <ClInclude Include="LibLsp\JsonRpc\Context.h">
      <Filter>JsonRpc</Filter>
    </ClInclude>
    <ClInclude Include="LibLsp\JsonRpc\ScopeExit.h">
      <Filter>JsonRpc</Filter>
    </ClInclude>
    <ClInclude Include="LibLsp\lsp\textDocument\SemanticTokens.h">
      <Filter>lsp\textDocument</Filter>
    </ClInclude>
    <ClInclude Include="LibLsp\lsp\textDocument\linkedEditingRange.h">
      <Filter>lsp\textDocument</Filter>
    </ClInclude>
    <ClInclude Include="LibLsp\lsp\IProgressMonitor.h">
      <Filter>lsp</Filter>
    </ClInclude>
    <ClInclude Include="LibLsp\lsp\Markup\Markup.h">
      <Filter>lsp\markdown</Filter>
    </ClInclude>
    <ClInclude Include="LibLsp\lsp\Markup\string_ref.h">
      <Filter>lsp\markdown</Filter>
    </ClInclude>
    <ClInclude Include="LibLsp\JsonRpc\traits.h">
      <Filter>JsonRpc</Filter>
    </ClInclude>
    <ClInclude Include="LibLsp\JsonRpc\GCThreadContext.h">
      <Filter>JsonRpc</Filter>
    </ClInclude>
    <ClInclude Include="LibLsp\lsp\ClientPreferences.h">
      <Filter>lsp</Filter>
    </ClInclude>
  </ItemGroup>
  <ItemGroup>
    <Filter Include="JsonRpc">
      <UniqueIdentifier>{1da4afb3-155d-423f-96b0-1b8da9acc00a}</UniqueIdentifier>
    </Filter>
    <Filter Include="lsp">
      <UniqueIdentifier>{e7d76738-44b8-4a69-a1c4-2faa28c9a4e4}</UniqueIdentifier>
    </Filter>
    <Filter Include="lsp\workspace">
      <UniqueIdentifier>{b79907e9-c622-4c4a-ba4a-856d5a924cb3}</UniqueIdentifier>
    </Filter>
    <Filter Include="lsp\textDocument">
      <UniqueIdentifier>{b5ab5370-6e7b-4a19-b08a-0d60880be5c2}</UniqueIdentifier>
    </Filter>
    <Filter Include="lsp\windows">
      <UniqueIdentifier>{24b7fc1b-1430-4833-afc1-7215028d56b3}</UniqueIdentifier>
    </Filter>
    <Filter Include="lsp\general">
      <UniqueIdentifier>{09427494-f677-443b-b1f9-20cf6e6976f5}</UniqueIdentifier>
    </Filter>
    <Filter Include="network">
      <UniqueIdentifier>{43293649-591a-46e4-ae6d-93de432e5202}</UniqueIdentifier>
    </Filter>
    <Filter Include="network\uri">
      <UniqueIdentifier>{8e1c4f26-61b7-45f3-9fca-8a709d53e924}</UniqueIdentifier>
    </Filter>
    <Filter Include="network\uri\detail">
      <UniqueIdentifier>{fca88b35-e5ec-4b6c-8e48-e7ddb54f6c5f}</UniqueIdentifier>
    </Filter>
    <Filter Include="lsp\language">
      <UniqueIdentifier>{c2661f3d-8e6b-4e9c-9f8f-7b1c533198a9}</UniqueIdentifier>
    </Filter>
    <Filter Include="lsp\client">
      <UniqueIdentifier>{7dc366bb-0edc-4d01-b61b-b9a25911ab44}</UniqueIdentifier>
    </Filter>
    <Filter Include="example">
      <UniqueIdentifier>{50042bb3-ac58-43e1-8cbe-0af2d1c58599}</UniqueIdentifier>
    </Filter>
    <Filter Include="lsp\extention">
      <UniqueIdentifier>{0091cb64-52d3-4c82-a25a-0a9b976182fe}</UniqueIdentifier>
    </Filter>
    <Filter Include="lsp\extention\sct">
      <UniqueIdentifier>{9a310695-9678-42c9-9085-412e178574d4}</UniqueIdentifier>
    </Filter>
    <Filter Include="lsp\extention\jdtls">
      <UniqueIdentifier>{b2e6e5b5-343f-4098-8105-4f054b3e9b38}</UniqueIdentifier>
    </Filter>
    <Filter Include="lsp\extention\sonarlint">
      <UniqueIdentifier>{11198774-b392-4339-b654-17aee0eeaa21}</UniqueIdentifier>
    </Filter>
    <Filter Include="lsp\markdown">
      <UniqueIdentifier>{4ce2a4b8-aa8d-462b-a6c9-c11b56e3bb2d}</UniqueIdentifier>
    </Filter>
  </ItemGroup>
  <ItemGroup>
    <None Include="packages.config" />
  </ItemGroup>
</Project>